
Microsoft Visual Studio Solution File, Format Version 12.00
# Visual Studio Version 17
VisualStudioVersion = 17.8.34525.116
MinimumVisualStudioVersion = 10.0.40219.1
Project("{FAE04EC0-301F-11D3-BF4B-00C04F79EFBC}") = "Shopping_project", "Shopping_project\Shopping_project.csproj", "{02283C9C-50F0-466E-BE8E-E5140881F32C}"
EndProject
Global
	GlobalSection(SolutionConfigurationPlatforms) = preSolution
		Debug|Any CPU = Debug|Any CPU
		Release|Any CPU = Release|Any CPU
	EndGlobalSection
	GlobalSection(ProjectConfigurationPlatforms) = postSolution
		{02283C9C-50F0-466E-BE8E-E5140881F32C}.Debug|Any CPU.ActiveCfg = Debug|Any CPU
		{02283C9C-50F0-466E-BE8E-E5140881F32C}.Debug|Any CPU.Build.0 = Debug|Any CPU
		{02283C9C-50F0-466E-BE8E-E5140881F32C}.Release|Any CPU.ActiveCfg = Release|Any CPU
		{02283C9C-50F0-466E-BE8E-E5140881F32C}.Release|Any CPU.Build.0 = Release|Any CPU
	EndGlobalSection
	GlobalSection(SolutionProperties) = preSolution
		HideSolutionNode = FALSE
	EndGlobalSection
	GlobalSection(ExtensibilityGlobals) = postSolution
		SolutionGuid = {059C9E05-E15D-49B6-ACE7-6351243043E9}
	EndGlobalSection
EndGlobal
